
Microsoft Visual Studio Solution File, Format Version 12.00
# Visual Studio Version 17
VisualStudioVersion = 17.5.33516.290
MinimumVisualStudioVersion = 10.0.40219.1
Project("{FAE04EC0-301F-11D3-BF4B-00C04F79EFBC}") = "task3", "task3\task3.csproj", "{0C8CF1EE-7C14-4467-8CFB-B30068353F55}"
EndProject
Global
	GlobalSection(SolutionConfigurationPlatforms) = preSolution
		Debug|Any CPU = Debug|Any CPU
		Release|Any CPU = Release|Any CPU
	EndGlobalSection
	GlobalSection(ProjectConfigurationPlatforms) = postSolution
		{0C8CF1EE-7C14-4467-8CFB-B30068353F55}.Debug|Any CPU.ActiveCfg = Debug|Any CPU
		{0C8CF1EE-7C14-4467-8CFB-B30068353F55}.Debug|Any CPU.Build.0 = Debug|Any CPU
		{0C8CF1EE-7C14-4467-8CFB-B30068353F55}.Release|Any CPU.ActiveCfg = Release|Any CPU
		{0C8CF1EE-7C14-4467-8CFB-B30068353F55}.Release|Any CPU.Build.0 = Release|Any CPU
	EndGlobalSection
	GlobalSection(SolutionProperties) = preSolution
		HideSolutionNode = FALSE
	EndGlobalSection
	GlobalSection(ExtensibilityGlobals) = postSolution
		SolutionGuid = {443D572C-32E4-4C48-B08D-97911218447D}
	EndGlobalSection
EndGlobal
